
Microsoft Visual Studio Solution File, Format Version 12.00
# Visual Studio Version 17
VisualStudioVersion = 17.6.33829.357
MinimumVisualStudioVersion = 10.0.40219.1
Project("{FAE04EC0-301F-11D3-BF4B-00C04F79EFBC}") = "Projeto.AspNet.05.WebAPI.Front", "Projeto.AspNet.05.WebAPI.Front.csproj", "{10DB10FC-2DDE-4035-9B7A-C90B4CE1E11F}"
EndProject
Global
	GlobalSection(SolutionConfigurationPlatforms) = preSolution
		Debug|Any CPU = Debug|Any CPU
		Release|Any CPU = Release|Any CPU
	EndGlobalSection
	GlobalSection(ProjectConfigurationPlatforms) = postSolution
		{10DB10FC-2DDE-4035-9B7A-C90B4CE1E11F}.Debug|Any CPU.ActiveCfg = Debug|Any CPU
		{10DB10FC-2DDE-4035-9B7A-C90B4CE1E11F}.Debug|Any CPU.Build.0 = Debug|Any CPU
		{10DB10FC-2DDE-4035-9B7A-C90B4CE1E11F}.Release|Any CPU.ActiveCfg = Release|Any CPU
		{10DB10FC-2DDE-4035-9B7A-C90B4CE1E11F}.Release|Any CPU.Build.0 = Release|Any CPU
	EndGlobalSection
	GlobalSection(SolutionProperties) = preSolution
		HideSolutionNode = FALSE
	EndGlobalSection
	GlobalSection(ExtensibilityGlobals) = postSolution
		SolutionGuid = {A242BA0C-09F6-4AC4-881C-701221D3D0B4}
	EndGlobalSection
EndGlobal
